
Microsoft Visual Studio Solution File, Format Version 12.00
# Visual Studio 15
VisualStudioVersion = 15.0.28307.539
MinimumVisualStudioVersion = 10.0.40219.1
Project("{FAE04EC0-301F-11D3-BF4B-00C04F79EFBC}") = "TestWebApi", "TestWebApi\TestWebApi.csproj", "{EC4F6E22-7DED-4070-B392-0B967B0D22BA}"
EndProject
Project("{E53339B2-1760-4266-BCC7-CA923CBCF16C}") = "docker-compose", "docker-compose.dcproj", "{F6032BF6-A77E-43A0-884F-385DF159C047}"
EndProject
Global
	GlobalSection(SolutionConfigurationPlatforms) = preSolution
		Debug|Any CPU = Debug|Any CPU
		Release|Any CPU = Release|Any CPU
	EndGlobalSection
	GlobalSection(ProjectConfigurationPlatforms) = postSolution
		{EC4F6E22-7DED-4070-B392-0B967B0D22BA}.Debug|Any CPU.ActiveCfg = Debug|Any CPU
		{EC4F6E22-7DED-4070-B392-0B967B0D22BA}.Debug|Any CPU.Build.0 = Debug|Any CPU
		{EC4F6E22-7DED-4070-B392-0B967B0D22BA}.Release|Any CPU.ActiveCfg = Release|Any CPU
		{EC4F6E22-7DED-4070-B392-0B967B0D22BA}.Release|Any CPU.Build.0 = Release|Any CPU
		{F6032BF6-A77E-43A0-884F-385DF159C047}.Debug|Any CPU.ActiveCfg = Debug|Any CPU
		{F6032BF6-A77E-43A0-884F-385DF159C047}.Debug|Any CPU.Build.0 = Debug|Any CPU
		{F6032BF6-A77E-43A0-884F-385DF159C047}.Release|Any CPU.ActiveCfg = Release|Any CPU
		{F6032BF6-A77E-43A0-884F-385DF159C047}.Release|Any CPU.Build.0 = Release|Any CPU
	EndGlobalSection
	GlobalSection(SolutionProperties) = preSolution
		HideSolutionNode = FALSE
	EndGlobalSection
	GlobalSection(ExtensibilityGlobals) = postSolution
		SolutionGuid = {257F894C-A2E8-4456-8BB9-CFFE68D0217D}
	EndGlobalSection
EndGlobal
